
Microsoft Visual Studio Solution File, Format Version 12.00
# Visual Studio 15
Project("{FAE04EC0-301F-11D3-BF4B-00C04F79EFBC}") = "UnityEngine.UI", "UnityEngine.UI.csproj", "{1807822E-2F89-8C49-FEA9-FAD3E4ADD829}"
EndProject
Project("{FAE04EC0-301F-11D3-BF4B-00C04F79EFBC}") = "Unity.RenderPipelines.Core.Runtime", "Unity.RenderPipelines.Core.Runtime.csproj", "{7A0152AE-347A-AA0C-3CB0-8BB51BE6C6E9}"
EndProject
Project("{FAE04EC0-301F-11D3-BF4B-00C04F79EFBC}") = "UnityEngine.TestRunner", "UnityEngine.TestRunner.csproj", "{8A1FE080-D6D9-A472-0287-69358A411EBF}"
EndProject
Project("{FAE04EC0-301F-11D3-BF4B-00C04F79EFBC}") = "Unity.VisualScripting.Flow", "Unity.VisualScripting.Flow.csproj", "{6991C0AD-EB01-0075-D50A-B8457680A4A9}"
EndProject
Project("{FAE04EC0-301F-11D3-BF4B-00C04F79EFBC}") = "Unity.VisualScripting.State", "Unity.VisualScripting.State.csproj", "{A13EB9EE-D40D-3CB6-0ACE-D5A6A2D0ED6A}"
EndProject
Project("{FAE04EC0-301F-11D3-BF4B-00C04F79EFBC}") = "Unity.VisualScripting.Core", "Unity.VisualScripting.Core.csproj", "{E760299D-51DF-A08A-63B7-37BB253C7646}"
EndProject
Project("{FAE04EC0-301F-11D3-BF4B-00C04F79EFBC}") = "Unity.TextMeshPro", "Unity.TextMeshPro.csproj", "{6EAABC69-148C-B7D2-ABAA-FBE95A1CF50D}"
EndProject
Project("{FAE04EC0-301F-11D3-BF4B-00C04F79EFBC}") = "Unity.Timeline", "Unity.Timeline.csproj", "{AC46F655-BCA9-014B-86D3-9D5DA4A5C2CD}"
EndProject
Project("{FAE04EC0-301F-11D3-BF4B-00C04F79EFBC}") = "Assembly-CSharp", "Assembly-CSharp.csproj", "{D53AFEAB-D761-45F8-E977-E48B3A638929}"
EndProject
Project("{FAE04EC0-301F-11D3-BF4B-00C04F79EFBC}") = "Unity.RenderPipelines.Core.ShaderLibrary", "Unity.RenderPipelines.Core.ShaderLibrary.csproj", "{090B204D-359D-D776-A7A8-0704CE758A51}"
EndProject
Project("{FAE04EC0-301F-11D3-BF4B-00C04F79EFBC}") = "Unity.RenderPipelines.ShaderGraph.ShaderGraphLibrary", "Unity.RenderPipelines.ShaderGraph.ShaderGraphLibrary.csproj", "{2B9B5FE7-2F07-5F1B-B133-8E61DB4A4D9F}"
EndProject
Project("{FAE04EC0-301F-11D3-BF4B-00C04F79EFBC}") = "Unity.PlasticSCM.Editor", "Unity.PlasticSCM.Editor.csproj", "{06D54712-E9D9-5D04-F66E-B69FDC462FD4}"
EndProject
Project("{FAE04EC0-301F-11D3-BF4B-00C04F79EFBC}") = "Unity.VisualScripting.Core.Editor", "Unity.VisualScripting.Core.Editor.csproj", "{7B924291-8178-CACF-95FE-225473D258FA}"
EndProject
Project("{FAE04EC0-301F-11D3-BF4B-00C04F79EFBC}") = "Unity.VisualScripting.Flow.Editor", "Unity.VisualScripting.Flow.Editor.csproj", "{17C89050-00B9-620D-84E9-C2E82004F7A6}"
EndProject
Project("{FAE04EC0-301F-11D3-BF4B-00C04F79EFBC}") = "Unity.ShaderGraph.Editor", "Unity.ShaderGraph.Editor.csproj", "{B3FEB4D3-9F74-A2EB-F0D4-2BDFB787C4FA}"
EndProject
Project("{FAE04EC0-301F-11D3-BF4B-00C04F79EFBC}") = "Unity.VisualStudio.Editor", "Unity.VisualStudio.Editor.csproj", "{C536B7E2-4BE0-4300-AC9F-1B8EBC933C4B}"
EndProject
Project("{FAE04EC0-301F-11D3-BF4B-00C04F79EFBC}") = "Unity.Timeline.Editor", "Unity.Timeline.Editor.csproj", "{04056A44-FEE8-5D70-95F6-0834C644B214}"
EndProject
Project("{FAE04EC0-301F-11D3-BF4B-00C04F79EFBC}") = "Unity.VisualScripting.State.Editor", "Unity.VisualScripting.State.Editor.csproj", "{2C1C295A-5B93-3864-92B9-AEBD665A7D99}"
EndProject
Project("{FAE04EC0-301F-11D3-BF4B-00C04F79EFBC}") = "Unity.TextMeshPro.Editor", "Unity.TextMeshPro.Editor.csproj", "{7E0D7F4C-C201-51F1-F18B-F38B86B35128}"
EndProject
Project("{FAE04EC0-301F-11D3-BF4B-00C04F79EFBC}") = "Unity.RenderPipelines.Core.Editor", "Unity.RenderPipelines.Core.Editor.csproj", "{27E80BC9-FC13-C06E-511B-EE9D1FAC877A}"
EndProject
Project("{FAE04EC0-301F-11D3-BF4B-00C04F79EFBC}") = "Unity.VisualScripting.SettingsProvider.Editor", "Unity.VisualScripting.SettingsProvider.Editor.csproj", "{0176BC7F-7F51-D796-2005-D29D6E65E406}"
EndProject
Project("{FAE04EC0-301F-11D3-BF4B-00C04F79EFBC}") = "Unity.CollabProxy.Editor", "Unity.CollabProxy.Editor.csproj", "{0449FCBB-882F-7962-72F8-FF94A4D7A3CF}"
EndProject
Project("{FAE04EC0-301F-11D3-BF4B-00C04F79EFBC}") = "UnityEditor.TestRunner", "UnityEditor.TestRunner.csproj", "{3BD8A6FA-F761-88F1-0A8B-0EA5B3C16FF3}"
EndProject
Project("{FAE04EC0-301F-11D3-BF4B-00C04F79EFBC}") = "Unity.Rider.Editor", "Unity.Rider.Editor.csproj", "{489F6263-E02B-6A7E-E55D-848FFC42BC25}"
EndProject
Project("{FAE04EC0-301F-11D3-BF4B-00C04F79EFBC}") = "Unity.Services.Core.Editor", "Unity.Services.Core.Editor.csproj", "{816F8892-6970-17A1-CCAC-704BF19A8046}"
EndProject
Project("{FAE04EC0-301F-11D3-BF4B-00C04F79EFBC}") = "Unity.Searcher.Editor", "Unity.Searcher.Editor.csproj", "{7993DC9A-364C-ABA8-6294-21B457CDA834}"
EndProject
Project("{FAE04EC0-301F-11D3-BF4B-00C04F79EFBC}") = "Unity.VSCode.Editor", "Unity.VSCode.Editor.csproj", "{9FF8E30A-C570-27D5-5E29-6358DF509A8F}"
EndProject
Project("{FAE04EC0-301F-11D3-BF4B-00C04F79EFBC}") = "Unity.2D.Sprite.Editor", "Unity.2D.Sprite.Editor.csproj", "{0E7224FF-9B72-8F12-6E2E-A5A3C2C94047}"
EndProject
Project("{FAE04EC0-301F-11D3-BF4B-00C04F79EFBC}") = "UnityEditor.UI", "UnityEditor.UI.csproj", "{C39369BA-ADE2-51A4-F35F-C71E09FAC3DF}"
EndProject
Project("{FAE04EC0-301F-11D3-BF4B-00C04F79EFBC}") = "Unity.ShaderGraph.Utilities", "Unity.ShaderGraph.Utilities.csproj", "{4A433179-2D5B-F425-0685-75206B8241FA}"
EndProject
Project("{FAE04EC0-301F-11D3-BF4B-00C04F79EFBC}") = "Unity.VisualScripting.Shared.Editor", "Unity.VisualScripting.Shared.Editor.csproj", "{E72D8F94-337B-F47D-8201-52223B9609CE}"
EndProject
Project("{FAE04EC0-301F-11D3-BF4B-00C04F79EFBC}") = "UnityEngine.UI", "UnityEngine.UI.Player.csproj", "{695CF4EF-E03F-D6A1-9C2A-5482F6AA1BA1}"
EndProject
Project("{FAE04EC0-301F-11D3-BF4B-00C04F79EFBC}") = "Unity.RenderPipelines.Core.Runtime", "Unity.RenderPipelines.Core.Runtime.Player.csproj", "{95BBBF99-8555-5F81-4925-1892A9690B4E}"
EndProject
Project("{FAE04EC0-301F-11D3-BF4B-00C04F79EFBC}") = "UnityEngine.TestRunner", "UnityEngine.TestRunner.Player.csproj", "{3EDC298D-F688-2786-852F-F9471CC32077}"
EndProject
Project("{FAE04EC0-301F-11D3-BF4B-00C04F79EFBC}") = "Unity.VisualScripting.Flow", "Unity.VisualScripting.Flow.Player.csproj", "{07A0E73F-1859-DA3B-6B1D-35073CA8D00E}"
EndProject
Project("{FAE04EC0-301F-11D3-BF4B-00C04F79EFBC}") = "Unity.VisualScripting.State", "Unity.VisualScripting.State.Player.csproj", "{B72F17A0-F447-54C9-2292-7D3B0644BBA1}"
EndProject
Project("{FAE04EC0-301F-11D3-BF4B-00C04F79EFBC}") = "Unity.VisualScripting.Core", "Unity.VisualScripting.Core.Player.csproj", "{A21E4E7E-9D7A-82A3-B79C-F55B13BB66BC}"
EndProject
Project("{FAE04EC0-301F-11D3-BF4B-00C04F79EFBC}") = "Unity.TextMeshPro", "Unity.TextMeshPro.Player.csproj", "{5C7E0C28-51CB-61CF-9A99-DEE12DE37D84}"
EndProject
Project("{FAE04EC0-301F-11D3-BF4B-00C04F79EFBC}") = "Unity.Timeline", "Unity.Timeline.Player.csproj", "{18C14EE1-DEAF-A025-DB9A-F69BD212832E}"
EndProject
Project("{FAE04EC0-301F-11D3-BF4B-00C04F79EFBC}") = "Assembly-CSharp", "Assembly-CSharp.Player.csproj", "{262D27F7-AA35-72DA-1C02-99DFDC88A064}"
EndProject
Project("{FAE04EC0-301F-11D3-BF4B-00C04F79EFBC}") = "Unity.RenderPipelines.Core.ShaderLibrary", "Unity.RenderPipelines.Core.ShaderLibrary.Player.csproj", "{A4EB858B-2EB9-44A9-D054-13688ADCE833}"
EndProject
Project("{FAE04EC0-301F-11D3-BF4B-00C04F79EFBC}") = "Unity.RenderPipelines.ShaderGraph.ShaderGraphLibrary", "Unity.RenderPipelines.ShaderGraph.ShaderGraphLibrary.Player.csproj", "{87A17825-DC16-ABEE-B838-BBAE6CF63A5D}"
EndProject
Global
	GlobalSection(SolutionConfigurationPlatforms) = preSolution
		Debug|Any CPU = Debug|Any CPU
		Release|Any CPU = Release|Any CPU
	EndGlobalSection
	GlobalSection(ProjectConfigurationPlatforms) = postSolution
		{1807822E-2F89-8C49-FEA9-FAD3E4ADD829}.Debug|Any CPU.ActiveCfg = Debug|Any CPU
		{1807822E-2F89-8C49-FEA9-FAD3E4ADD829}.Debug|Any CPU.Build.0 = Debug|Any CPU
		{1807822E-2F89-8C49-FEA9-FAD3E4ADD829}.Release|Any CPU.ActiveCfg = Release|Any CPU
		{1807822E-2F89-8C49-FEA9-FAD3E4ADD829}.Release|Any CPU.Build.0 = Release|Any CPU
		{7A0152AE-347A-AA0C-3CB0-8BB51BE6C6E9}.Debug|Any CPU.ActiveCfg = Debug|Any CPU
		{7A0152AE-347A-AA0C-3CB0-8BB51BE6C6E9}.Debug|Any CPU.Build.0 = Debug|Any CPU
		{7A0152AE-347A-AA0C-3CB0-8BB51BE6C6E9}.Release|Any CPU.ActiveCfg = Release|Any CPU
		{7A0152AE-347A-AA0C-3CB0-8BB51BE6C6E9}.Release|Any CPU.Build.0 = Release|Any CPU
		{8A1FE080-D6D9-A472-0287-69358A411EBF}.Debug|Any CPU.ActiveCfg = Debug|Any CPU
		{8A1FE080-D6D9-A472-0287-69358A411EBF}.Debug|Any CPU.Build.0 = Debug|Any CPU
		{8A1FE080-D6D9-A472-0287-69358A411EBF}.Release|Any CPU.ActiveCfg = Release|Any CPU
		{8A1FE080-D6D9-A472-0287-69358A411EBF}.Release|Any CPU.Build.0 = Release|Any CPU
		{6991C0AD-EB01-0075-D50A-B8457680A4A9}.Debug|Any CPU.ActiveCfg = Debug|Any CPU
		{6991C0AD-EB01-0075-D50A-B8457680A4A9}.Debug|Any CPU.Build.0 = Debug|Any CPU
		{6991C0AD-EB01-0075-D50A-B8457680A4A9}.Release|Any CPU.ActiveCfg = Release|Any CPU
		{6991C0AD-EB01-0075-D50A-B8457680A4A9}.Release|Any CPU.Build.0 = Release|Any CPU
		{A13EB9EE-D40D-3CB6-0ACE-D5A6A2D0ED6A}.Debug|Any CPU.ActiveCfg = Debug|Any CPU
		{A13EB9EE-D40D-3CB6-0ACE-D5A6A2D0ED6A}.Debug|Any CPU.Build.0 = Debug|Any CPU
		{A13EB9EE-D40D-3CB6-0ACE-D5A6A2D0ED6A}.Release|Any CPU.ActiveCfg = Release|Any CPU
		{A13EB9EE-D40D-3CB6-0ACE-D5A6A2D0ED6A}.Release|Any CPU.Build.0 = Release|Any CPU
		{E760299D-51DF-A08A-63B7-37BB253C7646}.Debug|Any CPU.ActiveCfg = Debug|Any CPU
		{E760299D-51DF-A08A-63B7-37BB253C7646}.Debug|Any CPU.Build.0 = Debug|Any CPU
		{E760299D-51DF-A08A-63B7-37BB253C7646}.Release|Any CPU.ActiveCfg = Release|Any CPU
		{E760299D-51DF-A08A-63B7-37BB253C7646}.Release|Any CPU.Build.0 = Release|Any CPU
		{6EAABC69-148C-B7D2-ABAA-FBE95A1CF50D}.Debug|Any CPU.ActiveCfg = Debug|Any CPU
		{6EAABC69-148C-B7D2-ABAA-FBE95A1CF50D}.Debug|Any CPU.Build.0 = Debug|Any CPU
		{6EAABC69-148C-B7D2-ABAA-FBE95A1CF50D}.Release|Any CPU.ActiveCfg = Release|Any CPU
		{6EAABC69-148C-B7D2-ABAA-FBE95A1CF50D}.Release|Any CPU.Build.0 = Release|Any CPU
		{AC46F655-BCA9-014B-86D3-9D5DA4A5C2CD}.Debug|Any CPU.ActiveCfg = Debug|Any CPU
		{AC46F655-BCA9-014B-86D3-9D5DA4A5C2CD}.Debug|Any CPU.Build.0 = Debug|Any CPU
		{AC46F655-BCA9-014B-86D3-9D5DA4A5C2CD}.Release|Any CPU.ActiveCfg = Release|Any CPU
		{AC46F655-BCA9-014B-86D3-9D5DA4A5C2CD}.Release|Any CPU.Build.0 = Release|Any CPU
		{D53AFEAB-D761-45F8-E977-E48B3A638929}.Debug|Any CPU.ActiveCfg = Debug|Any CPU
		{D53AFEAB-D761-45F8-E977-E48B3A638929}.Debug|Any CPU.Build.0 = Debug|Any CPU
		{D53AFEAB-D761-45F8-E977-E48B3A638929}.Release|Any CPU.ActiveCfg = Release|Any CPU
		{D53AFEAB-D761-45F8-E977-E48B3A638929}.Release|Any CPU.Build.0 = Release|Any CPU
		{090B204D-359D-D776-A7A8-0704CE758A51}.Debug|Any CPU.ActiveCfg = Debug|Any CPU
		{090B204D-359D-D776-A7A8-0704CE758A51}.Debug|Any CPU.Build.0 = Debug|Any CPU
		{090B204D-359D-D776-A7A8-0704CE758A51}.Release|Any CPU.ActiveCfg = Release|Any CPU
		{090B204D-359D-D776-A7A8-0704CE758A51}.Release|Any CPU.Build.0 = Release|Any CPU
		{2B9B5FE7-2F07-5F1B-B133-8E61DB4A4D9F}.Debug|Any CPU.ActiveCfg = Debug|Any CPU
		{2B9B5FE7-2F07-5F1B-B133-8E61DB4A4D9F}.Debug|Any CPU.Build.0 = Debug|Any CPU
		{2B9B5FE7-2F07-5F1B-B133-8E61DB4A4D9F}.Release|Any CPU.ActiveCfg = Release|Any CPU
		{2B9B5FE7-2F07-5F1B-B133-8E61DB4A4D9F}.Release|Any CPU.Build.0 = Release|Any CPU
		{06D54712-E9D9-5D04-F66E-B69FDC462FD4}.Debug|Any CPU.ActiveCfg = Debug|Any CPU
		{06D54712-E9D9-5D04-F66E-B69FDC462FD4}.Debug|Any CPU.Build.0 = Debug|Any CPU
		{06D54712-E9D9-5D04-F66E-B69FDC462FD4}.Release|Any CPU.ActiveCfg = Release|Any CPU
		{06D54712-E9D9-5D04-F66E-B69FDC462FD4}.Release|Any CPU.Build.0 = Release|Any CPU
		{7B924291-8178-CACF-95FE-225473D258FA}.Debug|Any CPU.ActiveCfg = Debug|Any CPU
		{7B924291-8178-CACF-95FE-225473D258FA}.Debug|Any CPU.Build.0 = Debug|Any CPU
		{7B924291-8178-CACF-95FE-225473D258FA}.Release|Any CPU.ActiveCfg = Release|Any CPU
		{7B924291-8178-CACF-95FE-225473D258FA}.Release|Any CPU.Build.0 = Release|Any CPU
		{17C89050-00B9-620D-84E9-C2E82004F7A6}.Debug|Any CPU.ActiveCfg = Debug|Any CPU
		{17C89050-00B9-620D-84E9-C2E82004F7A6}.Debug|Any CPU.Build.0 = Debug|Any CPU
		{17C89050-00B9-620D-84E9-C2E82004F7A6}.Release|Any CPU.ActiveCfg = Release|Any CPU
		{17C89050-00B9-620D-84E9-C2E82004F7A6}.Release|Any CPU.Build.0 = Release|Any CPU
		{B3FEB4D3-9F74-A2EB-F0D4-2BDFB787C4FA}.Debug|Any CPU.ActiveCfg = Debug|Any CPU
		{B3FEB4D3-9F74-A2EB-F0D4-2BDFB787C4FA}.Debug|Any CPU.Build.0 = Debug|Any CPU
		{B3FEB4D3-9F74-A2EB-F0D4-2BDFB787C4FA}.Release|Any CPU.ActiveCfg = Release|Any CPU
		{B3FEB4D3-9F74-A2EB-F0D4-2BDFB787C4FA}.Release|Any CPU.Build.0 = Release|Any CPU
		{C536B7E2-4BE0-4300-AC9F-1B8EBC933C4B}.Debug|Any CPU.ActiveCfg = Debug|Any CPU
		{C536B7E2-4BE0-4300-AC9F-1B8EBC933C4B}.Debug|Any CPU.Build.0 = Debug|Any CPU
		{C536B7E2-4BE0-4300-AC9F-1B8EBC933C4B}.Release|Any CPU.ActiveCfg = Release|Any CPU
		{C536B7E2-4BE0-4300-AC9F-1B8EBC933C4B}.Release|Any CPU.Build.0 = Release|Any CPU
		{04056A44-FEE8-5D70-95F6-0834C644B214}.Debug|Any CPU.ActiveCfg = Debug|Any CPU
		{04056A44-FEE8-5D70-95F6-0834C644B214}.Debug|Any CPU.Build.0 = Debug|Any CPU
		{04056A44-FEE8-5D70-95F6-0834C644B214}.Release|Any CPU.ActiveCfg = Release|Any CPU
		{04056A44-FEE8-5D70-95F6-0834C644B214}.Release|Any CPU.Build.0 = Release|Any CPU
		{2C1C295A-5B93-3864-92B9-AEBD665A7D99}.Debug|Any CPU.ActiveCfg = Debug|Any CPU
		{2C1C295A-5B93-3864-92B9-AEBD665A7D99}.Debug|Any CPU.Build.0 = Debug|Any CPU
		{2C1C295A-5B93-3864-92B9-AEBD665A7D99}.Release|Any CPU.ActiveCfg = Release|Any CPU
		{2C1C295A-5B93-3864-92B9-AEBD665A7D99}.Release|Any CPU.Build.0 = Release|Any CPU
		{7E0D7F4C-C201-51F1-F18B-F38B86B35128}.Debug|Any CPU.ActiveCfg = Debug|Any CPU
		{7E0D7F4C-C201-51F1-F18B-F38B86B35128}.Debug|Any CPU.Build.0 = Debug|Any CPU
		{7E0D7F4C-C201-51F1-F18B-F38B86B35128}.Release|Any CPU.ActiveCfg = Release|Any CPU
		{7E0D7F4C-C201-51F1-F18B-F38B86B35128}.Release|Any CPU.Build.0 = Release|Any CPU
		{27E80BC9-FC13-C06E-511B-EE9D1FAC877A}.Debug|Any CPU.ActiveCfg = Debug|Any CPU
		{27E80BC9-FC13-C06E-511B-EE9D1FAC877A}.Debug|Any CPU.Build.0 = Debug|Any CPU
		{27E80BC9-FC13-C06E-511B-EE9D1FAC877A}.Release|Any CPU.ActiveCfg = Release|Any CPU
		{27E80BC9-FC13-C06E-511B-EE9D1FAC877A}.Release|Any CPU.Build.0 = Release|Any CPU
		{0176BC7F-7F51-D796-2005-D29D6E65E406}.Debug|Any CPU.ActiveCfg = Debug|Any CPU
		{0176BC7F-7F51-D796-2005-D29D6E65E406}.Debug|Any CPU.Build.0 = Debug|Any CPU
		{0176BC7F-7F51-D796-2005-D29D6E65E406}.Release|Any CPU.ActiveCfg = Release|Any CPU
		{0176BC7F-7F51-D796-2005-D29D6E65E406}.Release|Any CPU.Build.0 = Release|Any CPU
		{0449FCBB-882F-7962-72F8-FF94A4D7A3CF}.Debug|Any CPU.ActiveCfg = Debug|Any CPU
		{0449FCBB-882F-7962-72F8-FF94A4D7A3CF}.Debug|Any CPU.Build.0 = Debug|Any CPU
		{0449FCBB-882F-7962-72F8-FF94A4D7A3CF}.Release|Any CPU.ActiveCfg = Release|Any CPU
		{0449FCBB-882F-7962-72F8-FF94A4D7A3CF}.Release|Any CPU.Build.0 = Release|Any CPU
		{3BD8A6FA-F761-88F1-0A8B-0EA5B3C16FF3}.Debug|Any CPU.ActiveCfg = Debug|Any CPU
		{3BD8A6FA-F761-88F1-0A8B-0EA5B3C16FF3}.Debug|Any CPU.Build.0 = Debug|Any CPU
		{3BD8A6FA-F761-88F1-0A8B-0EA5B3C16FF3}.Release|Any CPU.ActiveCfg = Release|Any CPU
		{3BD8A6FA-F761-88F1-0A8B-0EA5B3C16FF3}.Release|Any CPU.Build.0 = Release|Any CPU
		{489F6263-E02B-6A7E-E55D-848FFC42BC25}.Debug|Any CPU.ActiveCfg = Debug|Any CPU
		{489F6263-E02B-6A7E-E55D-848FFC42BC25}.Debug|Any CPU.Build.0 = Debug|Any CPU
		{489F6263-E02B-6A7E-E55D-848FFC42BC25}.Release|Any CPU.ActiveCfg = Release|Any CPU
		{489F6263-E02B-6A7E-E55D-848FFC42BC25}.Release|Any CPU.Build.0 = Release|Any CPU
		{816F8892-6970-17A1-CCAC-704BF19A8046}.Debug|Any CPU.ActiveCfg = Debug|Any CPU
		{816F8892-6970-17A1-CCAC-704BF19A8046}.Debug|Any CPU.Build.0 = Debug|Any CPU
		{816F8892-6970-17A1-CCAC-704BF19A8046}.Release|Any CPU.ActiveCfg = Release|Any CPU
		{816F8892-6970-17A1-CCAC-704BF19A8046}.Release|Any CPU.Build.0 = Release|Any CPU
		{7993DC9A-364C-ABA8-6294-21B457CDA834}.Debug|Any CPU.ActiveCfg = Debug|Any CPU
		{7993DC9A-364C-ABA8-6294-21B457CDA834}.Debug|Any CPU.Build.0 = Debug|Any CPU
		{7993DC9A-364C-ABA8-6294-21B457CDA834}.Release|Any CPU.ActiveCfg = Release|Any CPU
		{7993DC9A-364C-ABA8-6294-21B457CDA834}.Release|Any CPU.Build.0 = Release|Any CPU
		{9FF8E30A-C570-27D5-5E29-6358DF509A8F}.Debug|Any CPU.ActiveCfg = Debug|Any CPU
		{9FF8E30A-C570-27D5-5E29-6358DF509A8F}.Debug|Any CPU.Build.0 = Debug|Any CPU
		{9FF8E30A-C570-27D5-5E29-6358DF509A8F}.Release|Any CPU.ActiveCfg = Release|Any CPU
		{9FF8E30A-C570-27D5-5E29-6358DF509A8F}.Release|Any CPU.Build.0 = Release|Any CPU
		{0E7224FF-9B72-8F12-6E2E-A5A3C2C94047}.Debug|Any CPU.ActiveCfg = Debug|Any CPU
		{0E7224FF-9B72-8F12-6E2E-A5A3C2C94047}.Debug|Any CPU.Build.0 = Debug|Any CPU
		{0E7224FF-9B72-8F12-6E2E-A5A3C2C94047}.Release|Any CPU.ActiveCfg = Release|Any CPU
		{0E7224FF-9B72-8F12-6E2E-A5A3C2C94047}.Release|Any CPU.Build.0 = Release|Any CPU
		{C39369BA-ADE2-51A4-F35F-C71E09FAC3DF}.Debug|Any CPU.ActiveCfg = Debug|Any CPU
		{C39369BA-ADE2-51A4-F35F-C71E09FAC3DF}.Debug|Any CPU.Build.0 = Debug|Any CPU
		{C39369BA-ADE2-51A4-F35F-C71E09FAC3DF}.Release|Any CPU.ActiveCfg = Release|Any CPU
		{C39369BA-ADE2-51A4-F35F-C71E09FAC3DF}.Release|Any CPU.Build.0 = Release|Any CPU
		{4A433179-2D5B-F425-0685-75206B8241FA}.Debug|Any CPU.ActiveCfg = Debug|Any CPU
		{4A433179-2D5B-F425-0685-75206B8241FA}.Debug|Any CPU.Build.0 = Debug|Any CPU
		{4A433179-2D5B-F425-0685-75206B8241FA}.Release|Any CPU.ActiveCfg = Release|Any CPU
		{4A433179-2D5B-F425-0685-75206B8241FA}.Release|Any CPU.Build.0 = Release|Any CPU
		{E72D8F94-337B-F47D-8201-52223B9609CE}.Debug|Any CPU.ActiveCfg = Debug|Any CPU
		{E72D8F94-337B-F47D-8201-52223B9609CE}.Debug|Any CPU.Build.0 = Debug|Any CPU
		{E72D8F94-337B-F47D-8201-52223B9609CE}.Release|Any CPU.ActiveCfg = Release|Any CPU
		{E72D8F94-337B-F47D-8201-52223B9609CE}.Release|Any CPU.Build.0 = Release|Any CPU
		{695CF4EF-E03F-D6A1-9C2A-5482F6AA1BA1}.Debug|Any CPU.ActiveCfg = Debug|Any CPU
		{695CF4EF-E03F-D6A1-9C2A-5482F6AA1BA1}.Debug|Any CPU.Build.0 = Debug|Any CPU
		{695CF4EF-E03F-D6A1-9C2A-5482F6AA1BA1}.Release|Any CPU.ActiveCfg = Release|Any CPU
		{695CF4EF-E03F-D6A1-9C2A-5482F6AA1BA1}.Release|Any CPU.Build.0 = Release|Any CPU
		{95BBBF99-8555-5F81-4925-1892A9690B4E}.Debug|Any CPU.ActiveCfg = Debug|Any CPU
		{95BBBF99-8555-5F81-4925-1892A9690B4E}.Debug|Any CPU.Build.0 = Debug|Any CPU
		{95BBBF99-8555-5F81-4925-1892A9690B4E}.Release|Any CPU.ActiveCfg = Release|Any CPU
		{95BBBF99-8555-5F81-4925-1892A9690B4E}.Release|Any CPU.Build.0 = Release|Any CPU
		{3EDC298D-F688-2786-852F-F9471CC32077}.Debug|Any CPU.ActiveCfg = Debug|Any CPU
		{3EDC298D-F688-2786-852F-F9471CC32077}.Debug|Any CPU.Build.0 = Debug|Any CPU
		{3EDC298D-F688-2786-852F-F9471CC32077}.Release|Any CPU.ActiveCfg = Release|Any CPU
		{3EDC298D-F688-2786-852F-F9471CC32077}.Release|Any CPU.Build.0 = Release|Any CPU
		{07A0E73F-1859-DA3B-6B1D-35073CA8D00E}.Debug|Any CPU.ActiveCfg = Debug|Any CPU
		{07A0E73F-1859-DA3B-6B1D-35073CA8D00E}.Debug|Any CPU.Build.0 = Debug|Any CPU
		{07A0E73F-1859-DA3B-6B1D-35073CA8D00E}.Release|Any CPU.ActiveCfg = Release|Any CPU
		{07A0E73F-1859-DA3B-6B1D-35073CA8D00E}.Release|Any CPU.Build.0 = Release|Any CPU
		{B72F17A0-F447-54C9-2292-7D3B0644BBA1}.Debug|Any CPU.ActiveCfg = Debug|Any CPU
		{B72F17A0-F447-54C9-2292-7D3B0644BBA1}.Debug|Any CPU.Build.0 = Debug|Any CPU
		{B72F17A0-F447-54C9-2292-7D3B0644BBA1}.Release|Any CPU.ActiveCfg = Release|Any CPU
		{B72F17A0-F447-54C9-2292-7D3B0644BBA1}.Release|Any CPU.Build.0 = Release|Any CPU
		{A21E4E7E-9D7A-82A3-B79C-F55B13BB66BC}.Debug|Any CPU.ActiveCfg = Debug|Any CPU
		{A21E4E7E-9D7A-82A3-B79C-F55B13BB66BC}.Debug|Any CPU.Build.0 = Debug|Any CPU
		{A21E4E7E-9D7A-82A3-B79C-F55B13BB66BC}.Release|Any CPU.ActiveCfg = Release|Any CPU
		{A21E4E7E-9D7A-82A3-B79C-F55B13BB66BC}.Release|Any CPU.Build.0 = Release|Any CPU
		{5C7E0C28-51CB-61CF-9A99-DEE12DE37D84}.Debug|Any CPU.ActiveCfg = Debug|Any CPU
		{5C7E0C28-51CB-61CF-9A99-DEE12DE37D84}.Debug|Any CPU.Build.0 = Debug|Any CPU
		{5C7E0C28-51CB-61CF-9A99-DEE12DE37D84}.Release|Any CPU.ActiveCfg = Release|Any CPU
		{5C7E0C28-51CB-61CF-9A99-DEE12DE37D84}.Release|Any CPU.Build.0 = Release|Any CPU
		{18C14EE1-DEAF-A025-DB9A-F69BD212832E}.Debug|Any CPU.ActiveCfg = Debug|Any CPU
		{18C14EE1-DEAF-A025-DB9A-F69BD212832E}.Debug|Any CPU.Build.0 = Debug|Any CPU
		{18C14EE1-DEAF-A025-DB9A-F69BD212832E}.Release|Any CPU.ActiveCfg = Release|Any CPU
		{18C14EE1-DEAF-A025-DB9A-F69BD212832E}.Release|Any CPU.Build.0 = Release|Any CPU
		{262D27F7-AA35-72DA-1C02-99DFDC88A064}.Debug|Any CPU.ActiveCfg = Debug|Any CPU
		{262D27F7-AA35-72DA-1C02-99DFDC88A064}.Debug|Any CPU.Build.0 = Debug|Any CPU
		{262D27F7-AA35-72DA-1C02-99DFDC88A064}.Release|Any CPU.ActiveCfg = Release|Any CPU
		{262D27F7-AA35-72DA-1C02-99DFDC88A064}.Release|Any CPU.Build.0 = Release|Any CPU
		{A4EB858B-2EB9-44A9-D054-13688ADCE833}.Debug|Any CPU.ActiveCfg = Debug|Any CPU
		{A4EB858B-2EB9-44A9-D054-13688ADCE833}.Debug|Any CPU.Build.0 = Debug|Any CPU
		{A4EB858B-2EB9-44A9-D054-13688ADCE833}.Release|Any CPU.ActiveCfg = Release|Any CPU
		{A4EB858B-2EB9-44A9-D054-13688ADCE833}.Release|Any CPU.Build.0 = Release|Any CPU
		{87A17825-DC16-ABEE-B838-BBAE6CF63A5D}.Debug|Any CPU.ActiveCfg = Debug|Any CPU
		{87A17825-DC16-ABEE-B838-BBAE6CF63A5D}.Debug|Any CPU.Build.0 = Debug|Any CPU
		{87A17825-DC16-ABEE-B838-BBAE6CF63A5D}.Release|Any CPU.ActiveCfg = Release|Any CPU
		{87A17825-DC16-ABEE-B838-BBAE6CF63A5D}.Release|Any CPU.Build.0 = Release|Any CPU
	EndGlobalSection
	GlobalSection(SolutionProperties) = preSolution
		HideSolutionNode = FALSE
	EndGlobalSection
EndGlobal
